
Microsoft Visual Studio Solution File, Format Version 12.00
# Visual Studio Version 16
VisualStudioVersion = 16.0.30717.126
MinimumVisualStudioVersion = 10.0.40219.1
Project("{FAE04EC0-301F-11D3-BF4B-00C04F79EFBC}") = "rcon", "rcon.csproj", "{20B90A36-B1C3-47B0-AD23-A854D69A5353}"
EndProject
Global
	GlobalSection(SolutionConfigurationPlatforms) = preSolution
		Debug|Any CPU = Debug|Any CPU
		Release|Any CPU = Release|Any CPU
	EndGlobalSection
	GlobalSection(ProjectConfigurationPlatforms) = postSolution
		{20B90A36-B1C3-47B0-AD23-A854D69A5353}.Debug|Any CPU.ActiveCfg = Debug|Any CPU
		{20B90A36-B1C3-47B0-AD23-A854D69A5353}.Debug|Any CPU.Build.0 = Debug|Any CPU
		{20B90A36-B1C3-47B0-AD23-A854D69A5353}.Release|Any CPU.ActiveCfg = Release|Any CPU
		{20B90A36-B1C3-47B0-AD23-A854D69A5353}.Release|Any CPU.Build.0 = Release|Any CPU
	EndGlobalSection
	GlobalSection(SolutionProperties) = preSolution
		HideSolutionNode = FALSE
	EndGlobalSection
	GlobalSection(ExtensibilityGlobals) = postSolution
		SolutionGuid = {83C04498-621A-45FA-BE38-9D06A30AEF58}
	EndGlobalSection
EndGlobal
